Microsoft Visual Studio Solution File, Format Version 12.00
# Visual Studio Version 17
VisualStudioVersion = 17.0.31903.59
MinimumVisualStudioVersion = 10.0.40219.1
Project("{9A19103F-16F7-4668-BE54-9A1E7A4F7556}") = "PersonalBlog.Domain", "src\PersonalBlog.Domain\PersonalBlog.Domain.csproj", "{C2FA0D79-410B-4552-AB39-A887EA3C639A}"
EndProject
Project("{9A19103F-16F7-4668-BE54-9A1E7A4F7556}") = "PersonalBlog.AppServices", "src\PersonalBlog.AppServices\PersonalBlog.AppServices.csproj", "{D94825A6-E43A-4AB9-8880-DFA6390CB76B}"
EndProject
Project("{9A19103F-16F7-4668-BE54-9A1E7A4F7556}") = "PersonalBlog.Infrastructure", "src\PersonalBlog.Infrastructure\PersonalBlog.Infrastructure.csproj", "{7A92DBDD-B33B-4CF3-99C6-943F57F895C7}"
EndProject
Project("{9A19103F-16F7-4668-BE54-9A1E7A4F7556}") = "PersonalBlog.Web", "src\PersonalBlog.Web\PersonalBlog.Web.csproj", "{4D445981-21E3-44D8-91CC-A321CCDC9C27}"
EndProject
Project("{9A19103F-16F7-4668-BE54-9A1E7A4F7556}") = "PersonalBlog.DbMigrator", "src\PersonalBlog.DbMigrator\PersonalBlog.DbMigrator.csproj", "{95B5D793-6A0B-43F9-9252-FE2A8940879A}"
EndProject
Global
	GlobalSection(SolutionConfigurationPlatforms) = preSolution
		Debug|Any CPU = Debug|Any CPU
		Release|Any CPU = Release|Any CPU
	EndGlobalSection
	GlobalSection(ProjectConfigurationPlatforms) = postSolution
		{C2FA0D79-410B-4552-AB39-A887EA3C639A}.Debug|Any CPU.ActiveCfg = Debug|Any CPU
		{C2FA0D79-410B-4552-AB39-A887EA3C639A}.Debug|Any CPU.Build.0 = Debug|Any CPU
		{C2FA0D79-410B-4552-AB39-A887EA3C639A}.Release|Any CPU.ActiveCfg = Release|Any CPU
		{C2FA0D79-410B-4552-AB39-A887EA3C639A}.Release|Any CPU.Build.0 = Release|Any CPU
		{D94825A6-E43A-4AB9-8880-DFA6390CB76B}.Debug|Any CPU.ActiveCfg = Debug|Any CPU
		{D94825A6-E43A-4AB9-8880-DFA6390CB76B}.Debug|Any CPU.Build.0 = Debug|Any CPU
		{D94825A6-E43A-4AB9-8880-DFA6390CB76B}.Release|Any CPU.ActiveCfg = Release|Any CPU
		{D94825A6-E43A-4AB9-8880-DFA6390CB76B}.Release|Any CPU.Build.0 = Release|Any CPU
		{7A92DBDD-B33B-4CF3-99C6-943F57F895C7}.Debug|Any CPU.ActiveCfg = Debug|Any CPU
		{7A92DBDD-B33B-4CF3-99C6-943F57F895C7}.Debug|Any CPU.Build.0 = Debug|Any CPU
		{7A92DBDD-B33B-4CF3-99C6-943F57F895C7}.Release|Any CPU.ActiveCfg = Release|Any CPU
		{7A92DBDD-B33B-4CF3-99C6-943F57F895C7}.Release|Any CPU.Build.0 = Release|Any CPU
		{4D445981-21E3-44D8-91CC-A321CCDC9C27}.Debug|Any CPU.ActiveCfg = Debug|Any CPU
		{4D445981-21E3-44D8-91CC-A321CCDC9C27}.Debug|Any CPU.Build.0 = Debug|Any CPU
		{4D445981-21E3-44D8-91CC-A321CCDC9C27}.Release|Any CPU.ActiveCfg = Release|Any CPU
		{4D445981-21E3-44D8-91CC-A321CCDC9C27}.Release|Any CPU.Build.0 = Release|Any CPU
		{95B5D793-6A0B-43F9-9252-FE2A8940879A}.Debug|Any CPU.ActiveCfg = Debug|Any CPU
		{95B5D793-6A0B-43F9-9252-FE2A8940879A}.Debug|Any CPU.Build.0 = Debug|Any CPU
		{95B5D793-6A0B-43F9-9252-FE2A8940879A}.Release|Any CPU.ActiveCfg = Release|Any CPU
		{95B5D793-6A0B-43F9-9252-FE2A8940879A}.Release|Any CPU.Build.0 = Release|Any CPU
	EndGlobalSection
	GlobalSection(SolutionProperties) = preSolution
		HideSolutionNode = FALSE
	EndGlobalSection
EndGlobal
