<Solution>
  <Folder Name="/infrastructure/">
    <Project Path="src/Infrastructure.Persistence.SqlServer.Migrator/Infrastructure.Persistence.SqlServer.Migrator.csproj" />
    <Project Path="src/Infrastructure.Persistence.SqlServer/Infrastructure.Persistence.SqlServer.csproj" />
  </Folder>
  <Project Path="src/AppServices/AppServices.csproj" Id="791e01db-dee3-494c-a490-449f9a91a571" />
  <Project Path="src/Domain/Domain.csproj" />
  <Project Path="src/Utilities/Utilities.csproj" />
  <Project Path="src/Web/Web.csproj" Id="554fbe58-e260-4a52-a4df-59a80801c9f3" />
</Solution>
